{
  "name": "freeRun",
  "version": "1.0.0",
  "lockfileVersion": 2,
  "requires": true,
  "packages": {
    "": {
      "name": "freeRun",
      "version": "1.0.0",
      "license": "ISC",
      "dependencies": {
        "gps-filter": "^0.2.0",
        "vuex": "^3.6.2"
      }
    },
    "node_modules/gps-filter": {
      "version": "0.2.0",
      "resolved": "https://registry.npm.taobao.org/gps-filter/download/gps-filter-0.2.0.tgz",
      "integrity": "sha1-UQPCGZ565SpT0u/whMCEQJRHP28=",
      "dependencies": {
        "vectorize": "0.0.3"
      }
    },
    "node_modules/moment": {
      "version": "2.29.1",
      "resolved": "https://registry.npm.taobao.org/moment/download/moment-2.29.1.tgz?cache=0&sync_timestamp=1601983320283&other_urls=https%3A%2F%2Fregistry.npm.taobao.org%2Fmoment%2Fdownload%2Fmoment-2.29.1.tgz",
      "integrity": "sha1-sr52n6MZQL6e7qZGnAdeNQBvo9M=",
      "engines": {
        "node": "*"
      }
    },
    "node_modules/speed-filter": {
      "version": "0.0.0",
      "resolved": "https://registry.npm.taobao.org/speed-filter/download/speed-filter-0.0.0.tgz",
      "integrity": "sha1-/KGfDflJ3WGPoKU94xJ1flgg+eU=",
      "dependencies": {
        "moment": "^2.14.1"
      }
    },
    "node_modules/vectorize": {
      "version": "0.0.3",
      "resolved": "https://registry.npm.taobao.org/vectorize/download/vectorize-0.0.3.tgz",
      "integrity": "sha1-+9jQYzcr36iSVSAFpDQMjVxWL3o=",
      "dependencies": {
        "speed-filter": "0.0.0",
        "victor": "^1.1.0"
      }
    },
    "node_modules/victor": {
      "version": "1.1.0",
      "resolved": "https://registry.npm.taobao.org/victor/download/victor-1.1.0.tgz",
      "integrity": "sha1-3jzHexVYmxsMeyLD2tKXA0qwAro="
    },
    "node_modules/vue": {
      "version": "2.6.12",
      "resolved": "https://registry.npm.taobao.org/vue/download/vue-2.6.12.tgz?cache=0&sync_timestamp=1614614707443&other_urls=https%3A%2F%2Fregistry.npm.taobao.org%2Fvue%2Fdownload%2Fvue-2.6.12.tgz",
      "integrity": "sha1-9evU+mvShpQD4pqJau1JBEVskSM=",
      "peer": true
    },
    "node_modules/vuex": {
      "version": "3.6.2",
      "resolved": "https://registry.npm.taobao.org/vuex/download/vuex-3.6.2.tgz",
      "integrity": "sha1-I2vAhqhww655lG8QfxbeWdWJXnE=",
      "peerDependencies": {
        "vue": "^2.0.0"
      }
    }
  },
  "dependencies": {
    "gps-filter": {
      "version": "0.2.0",
      "resolved": "https://registry.npm.taobao.org/gps-filter/download/gps-filter-0.2.0.tgz",
      "integrity": "sha1-UQPCGZ565SpT0u/whMCEQJRHP28=",
      "requires": {
        "vectorize": "0.0.3"
      }
    },
    "moment": {
      "version": "2.29.1",
      "resolved": "https://registry.npm.taobao.org/moment/download/moment-2.29.1.tgz?cache=0&sync_timestamp=1601983320283&other_urls=https%3A%2F%2Fregistry.npm.taobao.org%2Fmoment%2Fdownload%2Fmoment-2.29.1.tgz",
      "integrity": "sha1-sr52n6MZQL6e7qZGnAdeNQBvo9M="
    },
    "speed-filter": {
      "version": "0.0.0",
      "resolved": "https://registry.npm.taobao.org/speed-filter/download/speed-filter-0.0.0.tgz",
      "integrity": "sha1-/KGfDflJ3WGPoKU94xJ1flgg+eU=",
      "requires": {
        "moment": "^2.14.1"
      }
    },
    "vectorize": {
      "version": "0.0.3",
      "resolved": "https://registry.npm.taobao.org/vectorize/download/vectorize-0.0.3.tgz",
      "integrity": "sha1-+9jQYzcr36iSVSAFpDQMjVxWL3o=",
      "requires": {
        "speed-filter": "0.0.0",
        "victor": "^1.1.0"
      }
    },
    "victor": {
      "version": "1.1.0",
      "resolved": "https://registry.npm.taobao.org/victor/download/victor-1.1.0.tgz",
      "integrity": "sha1-3jzHexVYmxsMeyLD2tKXA0qwAro="
    },
    "vue": {
      "version": "2.6.12",
      "resolved": "https://registry.npm.taobao.org/vue/download/vue-2.6.12.tgz?cache=0&sync_timestamp=1614614707443&other_urls=https%3A%2F%2Fregistry.npm.taobao.org%2Fvue%2Fdownload%2Fvue-2.6.12.tgz",
      "integrity": "sha1-9evU+mvShpQD4pqJau1JBEVskSM=",
      "peer": true
    },
    "vuex": {
      "version": "3.6.2",
      "resolved": "https://registry.npm.taobao.org/vuex/download/vuex-3.6.2.tgz",
      "integrity": "sha1-I2vAhqhww655lG8QfxbeWdWJXnE=",
      "requires": {}
    }
  }
}
